
Microsoft Visual Studio Solution File, Format Version 12.00
# Visual Studio Version 16
VisualStudioVersion = 16.0.30413.136
MinimumVisualStudioVersion = 10.0.40219.1
Project("{FAE04EC0-301F-11D3-BF4B-00C04F79EFBC}") = "DialoguesModaux", "DialoguesModaux\DialoguesModaux.csproj", "{37E3ABF5-870A-43B7-9F49-26FBB09121FC}"
EndProject
Global
	GlobalSection(SolutionConfigurationPlatforms) = preSolution
		Debug|Any CPU = Debug|Any CPU
		Release|Any CPU = Release|Any CPU
	EndGlobalSection
	GlobalSection(ProjectConfigurationPlatforms) = postSolution
		{37E3ABF5-870A-43B7-9F49-26FBB09121FC}.Debug|Any CPU.ActiveCfg = Debug|Any CPU
		{37E3ABF5-870A-43B7-9F49-26FBB09121FC}.Debug|Any CPU.Build.0 = Debug|Any CPU
		{37E3ABF5-870A-43B7-9F49-26FBB09121FC}.Release|Any CPU.ActiveCfg = Release|Any CPU
		{37E3ABF5-870A-43B7-9F49-26FBB09121FC}.Release|Any CPU.Build.0 = Release|Any CPU
	EndGlobalSection
	GlobalSection(SolutionProperties) = preSolution
		HideSolutionNode = FALSE
	EndGlobalSection
	GlobalSection(ExtensibilityGlobals) = postSolution
		SolutionGuid = {69564ED5-8904-437E-AEBC-386254C323A9}
	EndGlobalSection
EndGlobal
